// !$*UTF8*$!
{
	archiveVersion = 1;
	classes = {
	};
	objectVersion = 50;
	objects = {

/* Begin PBXBuildFile section */
		BF6EF39423D6CE5700B3305F /* AppDelegate.swift in Sources */ = {isa = PBXBuildFile; fileRef = BF6EF39323D6CE5700B3305F /* AppDelegate.swift */; };
		BF6EF39623D6CE5700B3305F /* SceneDelegate.swift in Sources */ = {isa = PBXBuildFile; fileRef = BF6EF39523D6CE5700B3305F /* SceneDelegate.swift */; };
		BF6EF39823D6CE5700B3305F /* ContentView.swift in Sources */ = {isa = PBXBuildFile; fileRef = BF6EF39723D6CE5700B3305F /* ContentView.swift */; };
		BF6EF39A23D6CE5A00B3305F /* Assets.xcassets in Resources */ = {isa = PBXBuildFile; fileRef = BF6EF39923D6CE5A00B3305F /* Assets.xcassets */; };
		BF6EF39D23D6CE5A00B3305F /* Preview Assets.xcassets in Resources */ = {isa = PBXBuildFile; fileRef = BF6EF39C23D6CE5A00B3305F /* Preview Assets.xcassets */; };
		BF6EF3A023D6CE5A00B3305F /* LaunchScreen.storyboard in Resources */ = {isa = PBXBuildFile; fileRef = BF6EF39E23D6CE5A00B3305F /* LaunchScreen.storyboard */; };
		BF6EF3AB23D6CE5A00B3305F /* imageconnectionTests.swift in Sources */ = {isa = PBXBuildFile; fileRef = BF6EF3AA23D6CE5A00B3305F /* imageconnectionTests.swift */; };
		BF6EF3B623D6CE5A00B3305F /* imageconnectionUITests.swift in Sources */ = {isa = PBXBuildFile; fileRef = BF6EF3B523D6CE5A00B3305F /* imageconnectionUITests.swift */; };
		BFCE45C623E0111E001A1C0B /* Client.swift in Sources */ = {isa = PBXBuildFile; fileRef = BFCE457B23D6D51B001A1C0B /* Client.swift */; };
		BFCE45C723E01123001A1C0B /* Serverconnection.swift in Sources */ = {isa = PBXBuildFile; fileRef = BFCE457A23D6D509001A1C0B /* Serverconnection.swift */; };
		BFCE45C823E01126001A1C0B /* Server.swift in Sources */ = {isa = PBXBuildFile; fileRef = BFCE457923D6D4F0001A1C0B /* Server.swift */; };
		BFCE45C923E01129001A1C0B /* Clientconnection.swift in Sources */ = {isa = PBXBuildFile; fileRef = BFCE457C23D6D52E001A1C0B /* Clientconnection.swift */; };
/* End PBXBuildFile section */

/* Begin PBXContainerItemProxy section */
		BF6EF3A723D6CE5A00B3305F /* PBXContainerItemProxy */ = {
			isa = PBXContainerItemProxy;
			containerPortal = BF6EF38823D6CE5700B3305F /* Project object */;
			proxyType = 1;
			remoteGlobalIDString = BF6EF38F23D6CE5700B3305F;
			remoteInfo = imageconnection;
		};
		BF6EF3B223D6CE5A00B3305F /* PBXContainerItemProxy */ = {
			isa = PBXContainerItemProxy;
			containerPortal = BF6EF38823D6CE5700B3305F /* Project object */;
			proxyType = 1;
			remoteGlobalIDString = BF6EF38F23D6CE5700B3305F;
			remoteInfo = imageconnection;
		};
/* End PBXContainerItemProxy section */

/* Begin PBXFileReference section */
		BF6EF39023D6CE5700B3305F /* imageconnection.app */ = {isa = PBXFileReference; explicitFileType = wrapper.application; includeInIndex = 0; path = imageconnection.app; sourceTree = BUILT_PRODUCTS_DIR; };
		BF6EF39323D6CE5700B3305F /* AppDelegate.swift */ = {isa = PBXFileReference; lastKnownFileType = sourcecode.swift; path = AppDelegate.swift; sourceTree = "<group>"; };
		BF6EF39523D6CE5700B3305F /* SceneDelegate.swift */ = {isa = PBXFileReference; lastKnownFileType = sourcecode.swift; path = SceneDelegate.swift; sourceTree = "<group>"; };
		BF6EF39723D6CE5700B3305F /* ContentView.swift */ = {isa = PBXFileReference; lastKnownFileType = sourcecode.swift; path = ContentView.swift; sourceTree = "<group>"; };
		BF6EF39923D6CE5A00B3305F /* Assets.xcassets */ = {isa = PBXFileReference; lastKnownFileType = folder.assetcatalog; path = Assets.xcassets; sourceTree = "<group>"; };
		BF6EF39C23D6CE5A00B3305F /* Preview Assets.xcassets */ = {isa = PBXFileReference; lastKnownFileType = folder.assetcatalog; path = "Preview Assets.xcassets"; sourceTree = "<group>"; };
		BF6EF39F23D6CE5A00B3305F /* Base */ = {isa = PBXFileReference; lastKnownFileType = file.storyboard; name = Base; path = Base.lproj/LaunchScreen.storyboard; sourceTree = "<group>"; };
		BF6EF3A123D6CE5A00B3305F /* Info.plist */ = {isa = PBXFileReference; lastKnownFileType = text.plist.xml; path = Info.plist; sourceTree = "<group>"; };
		BF6EF3A623D6CE5A00B3305F /* imageconnectionTests.xctest */ = {isa = PBXFileReference; explicitFileType = wrapper.cfbundle; includeInIndex = 0; path = imageconnectionTests.xctest; sourceTree = BUILT_PRODUCTS_DIR; };
		BF6EF3AA23D6CE5A00B3305F /* imageconnectionTests.swift */ = {isa = PBXFileReference; lastKnownFileType = sourcecode.swift; path = imageconnectionTests.swift; sourceTree = "<group>"; };
		BF6EF3AC23D6CE5A00B3305F /* Info.plist */ = {isa = PBXFileReference; lastKnownFileType = text.plist.xml; path = Info.plist; sourceTree = "<group>"; };
		BF6EF3B123D6CE5A00B3305F /* imageconnectionUITests.xctest */ = {isa = PBXFileReference; explicitFileType = wrapper.cfbundle; includeInIndex = 0; path = imageconnectionUITests.xctest; sourceTree = BUILT_PRODUCTS_DIR; };
		BF6EF3B523D6CE5A00B3305F /* imageconnectionUITests.swift */ = {isa = PBXFileReference; lastKnownFileType = sourcecode.swift; path = imageconnectionUITests.swift; sourceTree = "<group>"; };
		BF6EF3B723D6CE5A00B3305F /* Info.plist */ = {isa = PBXFileReference; lastKnownFileType = text.plist.xml; path = Info.plist; sourceTree = "<group>"; };
		BFCE457923D6D4F0001A1C0B /* Server.swift */ = {isa = PBXFileReference; lastKnownFileType = sourcecode.swift; path = Server.swift; sourceTree = "<group>"; };
		BFCE457A23D6D509001A1C0B /* Serverconnection.swift */ = {isa = PBXFileReference; lastKnownFileType = sourcecode.swift; path = Serverconnection.swift; sourceTree = "<group>"; };
		BFCE457B23D6D51B001A1C0B /* Client.swift */ = {isa = PBXFileReference; lastKnownFileType = sourcecode.swift; path = Client.swift; sourceTree = "<group>"; };
		BFCE457C23D6D52E001A1C0B /* Clientconnection.swift */ = {isa = PBXFileReference; lastKnownFileType = sourcecode.swift; path = Clientconnection.swift; sourceTree = "<group>"; };
		BFCE457D23D714DD001A1C0B /* main.swift */ = {isa = PBXFileReference; lastKnownFileType = sourcecode.swift; path = main.swift; sourceTree = "<group>"; };
/* End PBXFileReference section */

/* Begin PBXFrameworksBuildPhase section */
		BF6EF38D23D6CE5700B3305F /* Frameworks */ = {
			isa = PBXFrameworksBuildPhase;
			buildActionMask = 2147483647;
			files = (
			);
			runOnlyForDeploymentPostprocessing = 0;
		};
		BF6EF3A323D6CE5A00B3305F /* Frameworks */ = {
			isa = PBXFrameworksBuildPhase;
			buildActionMask = 2147483647;
			files = (
			);
			runOnlyForDeploymentPostprocessing = 0;
		};
		BF6EF3AE23D6CE5A00B3305F /* Frameworks */ = {
			isa = PBXFrameworksBuildPhase;
			buildActionMask = 2147483647;
			files = (
			);
			runOnlyForDeploymentPostprocessing = 0;
		};
/* End PBXFrameworksBuildPhase section */

/* Begin PBXGroup section */
		BF6EF38723D6CE5700B3305F = {
			isa = PBXGroup;
			children = (
				BF6EF39223D6CE5700B3305F /* imageconnection */,
				BF6EF3A923D6CE5A00B3305F /* imageconnectionTests */,
				BF6EF3B423D6CE5A00B3305F /* imageconnectionUITests */,
				BF6EF39123D6CE5700B3305F /* Products */,
			);
			sourceTree = "<group>";
		};
		BF6EF39123D6CE5700B3305F /* Products */ = {
			isa = PBXGroup;
			children = (
				BF6EF39023D6CE5700B3305F /* imageconnection.app */,
				BF6EF3A623D6CE5A00B3305F /* imageconnectionTests.xctest */,
				BF6EF3B123D6CE5A00B3305F /* imageconnectionUITests.xctest */,
			);
			name = Products;
			sourceTree = "<group>";
		};
		BF6EF39223D6CE5700B3305F /* imageconnection */ = {
			isa = PBXGroup;
			children = (
				BF6EF39323D6CE5700B3305F /* AppDelegate.swift */,
				BF6EF39523D6CE5700B3305F /* SceneDelegate.swift */,
				BF6EF39723D6CE5700B3305F /* ContentView.swift */,
				BFCE457923D6D4F0001A1C0B /* Server.swift */,
				BFCE457A23D6D509001A1C0B /* Serverconnection.swift */,
				BFCE457B23D6D51B001A1C0B /* Client.swift */,
				BFCE457C23D6D52E001A1C0B /* Clientconnection.swift */,
				BFCE457D23D714DD001A1C0B /* main.swift */,
				BF6EF39923D6CE5A00B3305F /* Assets.xcassets */,
				BF6EF39E23D6CE5A00B3305F /* LaunchScreen.storyboard */,
				BF6EF3A123D6CE5A00B3305F /* Info.plist */,
				BF6EF39B23D6CE5A00B3305F /* Preview Content */,
			);
			path = imageconnection;
			sourceTree = "<group>";
		};
		BF6EF39B23D6CE5A00B3305F /* Preview Content */ = {
			isa = PBXGroup;
			children = (
				BF6EF39C23D6CE5A00B3305F /* Preview Assets.xcassets */,
			);
			path = "Preview Content";
			sourceTree = "<group>";
		};
		BF6EF3A923D6CE5A00B3305F /* imageconnectionTests */ = {
			isa = PBXGroup;
			children = (
				BF6EF3AA23D6CE5A00B3305F /* imageconnectionTests.swift */,
				BF6EF3AC23D6CE5A00B3305F /* Info.plist */,
			);
			path = imageconnectionTests;
			sourceTree = "<group>";
		};
		BF6EF3B423D6CE5A00B3305F /* imageconnectionUITests */ = {
			isa = PBXGroup;
			children = (
				BF6EF3B523D6CE5A00B3305F /* imageconnectionUITests.swift */,
				BF6EF3B723D6CE5A00B3305F /* Info.plist */,
			);
			path = imageconnectionUITests;
			sourceTree = "<group>";
		};
/* End PBXGroup section */

/* Begin PBXNativeTarget section */
		BF6EF38F23D6CE5700B3305F /* imageconnection */ = {
			isa = PBXNativeTarget;
			buildConfigurationList = BF6EF3BA23D6CE5A00B3305F /* Build configuration list for PBXNativeTarget "imageconnection" */;
			buildPhases = (
				BF6EF38C23D6CE5700B3305F /* Sources */,
				BF6EF38D23D6CE5700B3305F /* Frameworks */,
				BF6EF38E23D6CE5700B3305F /* Resources */,
			);
			buildRules = (
			);
			dependencies = (
			);
			name = imageconnection;
			productName = imageconnection;
			productReference = BF6EF39023D6CE5700B3305F /* imageconnection.app */;
			productType = "com.apple.product-type.application";
		};
		BF6EF3A523D6CE5A00B3305F /* imageconnectionTests */ = {
			isa = PBXNativeTarget;
			buildConfigurationList = BF6EF3BD23D6CE5A00B3305F /* Build configuration list for PBXNativeTarget "imageconnectionTests" */;
			buildPhases = (
				BF6EF3A223D6CE5A00B3305F /* Sources */,
				BF6EF3A323D6CE5A00B3305F /* Frameworks */,
				BF6EF3A423D6CE5A00B3305F /* Resources */,
			);
			buildRules = (
			);
			dependencies = (
				BF6EF3A823D6CE5A00B3305F /* PBXTargetDependency */,
			);
			name = imageconnectionTests;
			productName = imageconnectionTests;
			productReference = BF6EF3A623D6CE5A00B3305F /* imageconnectionTests.xctest */;
			productType = "com.apple.product-type.bundle.unit-test";
		};
		BF6EF3B023D6CE5A00B3305F /* imageconnectionUITests */ = {
			isa = PBXNativeTarget;
			buildConfigurationList = BF6EF3C023D6CE5A00B3305F /* Build configuration list for PBXNativeTarget "imageconnectionUITests" */;
			buildPhases = (
				BF6EF3AD23D6CE5A00B3305F /* Sources */,
				BF6EF3AE23D6CE5A00B3305F /* Frameworks */,
				BF6EF3AF23D6CE5A00B3305F /* Resources */,
			);
			buildRules = (
			);
			dependencies = (
				BF6EF3B323D6CE5A00B3305F /* PBXTargetDependency */,
			);
			name = imageconnectionUITests;
			productName = imageconnectionUITests;
			productReference = BF6EF3B123D6CE5A00B3305F /* imageconnectionUITests.xctest */;
			productType = "com.apple.product-type.bundle.ui-testing";
		};
/* End PBXNativeTarget section */

/* Begin PBXProject section */
		BF6EF38823D6CE5700B3305F /* Project object */ = {
			isa = PBXProject;
			attributes = {
				LastSwiftUpdateCheck = 1120;
				LastUpgradeCheck = 1120;
				ORGANIZATIONNAME = "송민재";
				TargetAttributes = {
					BF6EF38F23D6CE5700B3305F = {
						CreatedOnToolsVersion = 11.2;
					};
					BF6EF3A523D6CE5A00B3305F = {
						CreatedOnToolsVersion = 11.2;
						TestTargetID = BF6EF38F23D6CE5700B3305F;
					};
					BF6EF3B023D6CE5A00B3305F = {
						CreatedOnToolsVersion = 11.2;
						TestTargetID = BF6EF38F23D6CE5700B3305F;
					};
				};
			};
			buildConfigurationList = BF6EF38B23D6CE5700B3305F /* Build configuration list for PBXProject "imageconnection" */;
			compatibilityVersion = "Xcode 9.3";
			developmentRegion = en;
			hasScannedForEncodings = 0;
			knownRegions = (
				en,
				Base,
			);
			mainGroup = BF6EF38723D6CE5700B3305F;
			productRefGroup = BF6EF39123D6CE5700B3305F /* Products */;
			projectDirPath = "";
			projectRoot = "";
			targets = (
				BF6EF38F23D6CE5700B3305F /* imageconnection */,
				BF6EF3A523D6CE5A00B3305F /* imageconnectionTests */,
				BF6EF3B023D6CE5A00B3305F /* imageconnectionUITests */,
			);
		};
/* End PBXProject section */

/* Begin PBXResourcesBuildPhase section */
		BF6EF38E23D6CE5700B3305F /* Resources */ = {
			isa = PBXResourcesBuildPhase;
			buildActionMask = 2147483647;
			files = (
				BF6EF3A023D6CE5A00B3305F /* LaunchScreen.storyboard in Resources */,
				BF6EF39D23D6CE5A00B3305F /* Preview Assets.xcassets in Resources */,
				BF6EF39A23D6CE5A00B3305F /* Assets.xcassets in Resources */,
			);
			runOnlyForDeploymentPostprocessing = 0;
		};
		BF6EF3A423D6CE5A00B3305F /* Resources */ = {
			isa = PBXResourcesBuildPhase;
			buildActionMask = 2147483647;
			files = (
			);
			runOnlyForDeploymentPostprocessing = 0;
		};
		BF6EF3AF23D6CE5A00B3305F /* Resources */ = {
			isa = PBXResourcesBuildPhase;
			buildActionMask = 2147483647;
			files = (
			);
			runOnlyForDeploymentPostprocessing = 0;
		};
/* End PBXResourcesBuildPhase section */

/* Begin PBXSourcesBuildPhase section */
		BF6EF38C23D6CE5700B3305F /* Sources */ = {
			isa = PBXSourcesBuildPhase;
			buildActionMask = 2147483647;
			files = (
				BFCE45C923E01129001A1C0B /* Clientconnection.swift in Sources */,
				BFCE45C823E01126001A1C0B /* Server.swift in Sources */,
				BF6EF39423D6CE5700B3305F /* AppDelegate.swift in Sources */,
				BF6EF39623D6CE5700B3305F /* SceneDelegate.swift in Sources */,
				BFCE45C623E0111E001A1C0B /* Client.swift in Sources */,
				BFCE45C723E01123001A1C0B /* Serverconnection.swift in Sources */,
				BF6EF39823D6CE5700B3305F /* ContentView.swift in Sources */,
			);
			runOnlyForDeploymentPostprocessing = 0;
		};
		BF6EF3A223D6CE5A00B3305F /* Sources */ = {
			isa = PBXSourcesBuildPhase;
			buildActionMask = 2147483647;
			files = (
				BF6EF3AB23D6CE5A00B3305F /* imageconnectionTests.swift in Sources */,
			);
			runOnlyForDeploymentPostprocessing = 0;
		};
		BF6EF3AD23D6CE5A00B3305F /* Sources */ = {
			isa = PBXSourcesBuildPhase;
			buildActionMask = 2147483647;
			files = (
				BF6EF3B623D6CE5A00B3305F /* imageconnectionUITests.swift in Sources */,
			);
			runOnlyForDeploymentPostprocessing = 0;
		};
/* End PBXSourcesBuildPhase section */

/* Begin PBXTargetDependency section */
		BF6EF3A823D6CE5A00B3305F /* PBXTargetDependency */ = {
			isa = PBXTargetDependency;
			target = BF6EF38F23D6CE5700B3305F /* imageconnection */;
			targetProxy = BF6EF3A723D6CE5A00B3305F /* PBXContainerItemProxy */;
		};
		BF6EF3B323D6CE5A00B3305F /* PBXTargetDependency */ = {
			isa = PBXTargetDependency;
			target = BF6EF38F23D6CE5700B3305F /* imageconnection */;
			targetProxy = BF6EF3B223D6CE5A00B3305F /* PBXContainerItemProxy */;
		};
/* End PBXTargetDependency section */

/* Begin PBXVariantGroup section */
		BF6EF39E23D6CE5A00B3305F /* LaunchScreen.storyboard */ = {
			isa = PBXVariantGroup;
			children = (
				BF6EF39F23D6CE5A00B3305F /* Base */,
			);
			name = LaunchScreen.storyboard;
			sourceTree = "<group>";
		};
/* End PBXVariantGroup section */

/* Begin XCBuildConfiguration section */
		BF6EF3B823D6CE5A00B3305F /* Debug */ = {
			isa = XCBuildConfiguration;
			buildSettings = {
				ALWAYS_SEARCH_USER_PATHS = NO;
				CLANG_ANALYZER_NONNULL = YES;
				CLANG_ANALYZER_NUMBER_OBJECT_CONVERSION = YES_AGGRESSIVE;
				CLANG_CXX_LANGUAGE_STANDARD = "gnu++14";
				CLANG_CXX_LIBRARY = "libc++";
				CLANG_ENABLE_MODULES = YES;
				CLANG_ENABLE_OBJC_ARC = YES;
				CLANG_ENABLE_OBJC_WEAK = YES;
				CLANG_WARN_BLOCK_CAPTURE_AUTORELEASING = YES;
				CLANG_WARN_BOOL_CONVERSION = YES;
				CLANG_WARN_COMMA = YES;
				CLANG_WARN_CONSTANT_CONVERSION = YES;
				CLANG_WARN_DEPRECATED_OBJC_IMPLEMENTATIONS = YES;
				CLANG_WARN_DIRECT_OBJC_ISA_USAGE = YES_ERROR;
				CLANG_WARN_DOCUMENTATION_COMMENTS = YES;
				CLANG_WARN_EMPTY_BODY = YES;
				CLANG_WARN_ENUM_CONVERSION = YES;
				CLANG_WARN_INFINITE_RECURSION = YES;
				CLANG_WARN_INT_CONVERSION = YES;
				CLANG_WARN_NON_LITERAL_NULL_CONVERSION = YES;
				CLANG_WARN_OBJC_IMPLICIT_RETAIN_SELF = YES;
				CLANG_WARN_OBJC_LITERAL_CONVERSION = YES;
				CLANG_WARN_OBJC_ROOT_CLASS = YES_ERROR;
				CLANG_WARN_RANGE_LOOP_ANALYSIS = YES;
				CLANG_WARN_STRICT_PROTOTYPES = YES;
				CLANG_WARN_SUSPICIOUS_MOVE = YES;
				CLANG_WARN_UNGUARDED_AVAILABILITY = YES_AGGRESSIVE;
				CLANG_WARN_UNREACHABLE_CODE = YES;
				CLANG_WARN__DUPLICATE_METHOD_MATCH = YES;
				COPY_PHASE_STRIP = NO;
				DEBUG_INFORMATION_FORMAT = dwarf;
				ENABLE_STRICT_OBJC_MSGSEND = YES;
				ENABLE_TESTABILITY = YES;
				GCC_C_LANGUAGE_STANDARD = gnu11;
				GCC_DYNAMIC_NO_PIC = NO;
				GCC_NO_COMMON_BLOCKS = YES;
				GCC_OPTIMIZATION_LEVEL = 0;
				GCC_PREPROCESSOR_DEFINITIONS = (
					"DEBUG=1",
					"$(inherited)",
				);
				GCC_WARN_64_TO_32_BIT_CONVERSION = YES;
				GCC_WARN_ABOUT_RETURN_TYPE = YES_ERROR;
				GCC_WARN_UNDECLARED_SELECTOR = YES;
				GCC_WARN_UNINITIALIZED_AUTOS = YES_AGGRESSIVE;
				GCC_WARN_UNUSED_FUNCTION = YES;
				GCC_WARN_UNUSED_VARIABLE = YES;
				IPHONEOS_DEPLOYMENT_TARGET = 13.2;
				MTL_ENABLE_DEBUG_INFO = INCLUDE_SOURCE;
				MTL_FAST_MATH = YES;
				ONLY_ACTIVE_ARCH = YES;
				SDKROOT = iphoneos;
				SWIFT_ACTIVE_COMPILATION_CONDITIONS = DEBUG;
				SWIFT_OPTIMIZATION_LEVEL = "-Onone";
			};
			name = Debug;
		};
		BF6EF3B923D6CE5A00B3305F /* Release */ = {
			isa = XCBuildConfiguration;
			buildSettings = {
				ALWAYS_SEARCH_USER_PATHS = NO;
				CLANG_ANALYZER_NONNULL = YES;
				CLANG_ANALYZER_NUMBER_OBJECT_CONVERSION = YES_AGGRESSIVE;
				CLANG_CXX_LANGUAGE_STANDARD = "gnu++14";
				CLANG_CXX_LIBRARY = "libc++";
				CLANG_ENABLE_MODULES = YES;
				CLANG_ENABLE_OBJC_ARC = YES;
				CLANG_ENABLE_OBJC_WEAK = YES;
				CLANG_WARN_BLOCK_CAPTURE_AUTORELEASING = YES;
				CLANG_WARN_BOOL_CONVERSION = YES;
				CLANG_WARN_COMMA = YES;
				CLANG_WARN_CONSTANT_CONVERSION = YES;
				CLANG_WARN_DEPRECATED_OBJC_IMPLEMENTATIONS = YES;
				CLANG_WARN_DIRECT_OBJC_ISA_USAGE = YES_ERROR;
				CLANG_WARN_DOCUMENTATION_COMMENTS = YES;
				CLANG_WARN_EMPTY_BODY = YES;
				CLANG_WARN_ENUM_CONVERSION = YES;
				CLANG_WARN_INFINITE_RECURSION = YES;
				CLANG_WARN_INT_CONVERSION = YES;
				CLANG_WARN_NON_LITERAL_NULL_CONVERSION = YES;
				CLANG_WARN_OBJC_IMPLICIT_RETAIN_SELF = YES;
				CLANG_WARN_OBJC_LITERAL_CONVERSION = YES;
				CLANG_WARN_OBJC_ROOT_CLASS = YES_ERROR;
				CLANG_WARN_RANGE_LOOP_ANALYSIS = YES;
				CLANG_WARN_STRICT_PROTOTYPES = YES;
				CLANG_WARN_SUSPICIOUS_MOVE = YES;
				CLANG_WARN_UNGUARDED_AVAILABILITY = YES_AGGRESSIVE;
				CLANG_WARN_UNREACHABLE_CODE = YES;
				CLANG_WARN__DUPLICATE_METHOD_MATCH = YES;
				COPY_PHASE_STRIP = NO;
				DEBUG_INFORMATION_FORMAT = "dwarf-with-dsym";
				ENABLE_NS_ASSERTIONS = NO;
				ENABLE_STRICT_OBJC_MSGSEND = YES;
				GCC_C_LANGUAGE_STANDARD = gnu11;
				GCC_NO_COMMON_BLOCKS = YES;
				GCC_WARN_64_TO_32_BIT_CONVERSION = YES;
				GCC_WARN_ABOUT_RETURN_TYPE = YES_ERROR;
				GCC_WARN_UNDECLARED_SELECTOR = YES;
				GCC_WARN_UNINITIALIZED_AUTOS = YES_AGGRESSIVE;
				GCC_WARN_UNUSED_FUNCTION = YES;
				GCC_WARN_UNUSED_VARIABLE = YES;
				IPHONEOS_DEPLOYMENT_TARGET = 13.2;
				MTL_ENABLE_DEBUG_INFO = NO;
				MTL_FAST_MATH = YES;
				SDKROOT = iphoneos;
				SWIFT_COMPILATION_MODE = wholemodule;
				SWIFT_OPTIMIZATION_LEVEL = "-O";
				VALIDATE_PRODUCT = YES;
			};
			name = Release;
		};
		BF6EF3BB23D6CE5A00B3305F /* Debug */ = {
			isa = XCBuildConfiguration;
			buildSettings = {
				ASSETCATALOG_COMPILER_APPICON_NAME = AppIcon;
				CODE_SIGN_STYLE = Automatic;
				DEVELOPMENT_ASSET_PATHS = "\"imageconnection/Preview Content\"";
				DEVELOPMENT_TEAM = YDMUJTK4YR;
				ENABLE_PREVIEWS = YES;
				INFOPLIST_FILE = imageconnection/Info.plist;
				LD_RUNPATH_SEARCH_PATHS = (
					"$(inherited)",
					"@executable_path/Frameworks",
				);
				PRODUCT_BUNDLE_IDENTIFIER = kaistcps.imageconnection;
				PRODUCT_NAME = "$(TARGET_NAME)";
				SWIFT_VERSION = 5.0;
				TARGETED_DEVICE_FAMILY = "1,2";
			};
			name = Debug;
		};
		BF6EF3BC23D6CE5A00B3305F /* Release */ = {
			isa = XCBuildConfiguration;
			buildSettings = {
				ASSETCATALOG_COMPILER_APPICON_NAME = AppIcon;
				CODE_SIGN_STYLE = Automatic;
				DEVELOPMENT_ASSET_PATHS = "\"imageconnection/Preview Content\"";
				DEVELOPMENT_TEAM = YDMUJTK4YR;
				ENABLE_PREVIEWS = YES;
				INFOPLIST_FILE = imageconnection/Info.plist;
				LD_RUNPATH_SEARCH_PATHS = (
					"$(inherited)",
					"@executable_path/Frameworks",
				);
				PRODUCT_BUNDLE_IDENTIFIER = kaistcps.imageconnection;
				PRODUCT_NAME = "$(TARGET_NAME)";
				SWIFT_VERSION = 5.0;
				TARGETED_DEVICE_FAMILY = "1,2";
			};
			name = Release;
		};
		BF6EF3BE23D6CE5A00B3305F /* Debug */ = {
			isa = XCBuildConfiguration;
			buildSettings = {
				ALWAYS_EMBED_SWIFT_STANDARD_LIBRARIES = YES;
				BUNDLE_LOADER = "$(TEST_HOST)";
				CODE_SIGN_STYLE = Automatic;
				DEVELOPMENT_TEAM = YDMUJTK4YR;
				INFOPLIST_FILE = imageconnectionTests/Info.plist;
				IPHONEOS_DEPLOYMENT_TARGET = 13.2;
				LD_RUNPATH_SEARCH_PATHS = (
					"$(inherited)",
					"@executable_path/Frameworks",
					"@loader_path/Frameworks",
				);
				PRODUCT_BUNDLE_IDENTIFIER = kaistcps.imageconnectionTests;
				PRODUCT_NAME = "$(TARGET_NAME)";
				SWIFT_VERSION = 5.0;
				TARGETED_DEVICE_FAMILY = "1,2";
				TEST_HOST = "$(BUILT_PRODUCTS_DIR)/imageconnection.app/imageconnection";
			};
			name = Debug;
		};
		BF6EF3BF23D6CE5A00B3305F /* Release */ = {
			isa = XCBuildConfiguration;
			buildSettings = {
				ALWAYS_EMBED_SWIFT_STANDARD_LIBRARIES = YES;
				BUNDLE_LOADER = "$(TEST_HOST)";
				CODE_SIGN_STYLE = Automatic;
				DEVELOPMENT_TEAM = YDMUJTK4YR;
				INFOPLIST_FILE = imageconnectionTests/Info.plist;
				IPHONEOS_DEPLOYMENT_TARGET = 13.2;
				LD_RUNPATH_SEARCH_PATHS = (
					"$(inherited)",
					"@executable_path/Frameworks",
					"@loader_path/Frameworks",
				);
				PRODUCT_BUNDLE_IDENTIFIER = kaistcps.imageconnectionTests;
				PRODUCT_NAME = "$(TARGET_NAME)";
				SWIFT_VERSION = 5.0;
				TARGETED_DEVICE_FAMILY = "1,2";
				TEST_HOST = "$(BUILT_PRODUCTS_DIR)/imageconnection.app/imageconnection";
			};
			name = Release;
		};
		BF6EF3C123D6CE5A00B3305F /* Debug */ = {
			isa = XCBuildConfiguration;
			buildSettings = {
				ALWAYS_EMBED_SWIFT_STANDARD_LIBRARIES = YES;
				CODE_SIGN_STYLE = Automatic;
				DEVELOPMENT_TEAM = YDMUJTK4YR;
				INFOPLIST_FILE = imageconnectionUITests/Info.plist;
				LD_RUNPATH_SEARCH_PATHS = (
					"$(inherited)",
					"@executable_path/Frameworks",
					"@loader_path/Frameworks",
				);
				PRODUCT_BUNDLE_IDENTIFIER = kaistcps.imageconnectionUITests;
				PRODUCT_NAME = "$(TARGET_NAME)";
				SWIFT_VERSION = 5.0;
				TARGETED_DEVICE_FAMILY = "1,2";
				TEST_TARGET_NAME = imageconnection;
			};
			name = Debug;
		};
		BF6EF3C223D6CE5A00B3305F /* Release */ = {
			isa = XCBuildConfiguration;
			buildSettings = {
				ALWAYS_EMBED_SWIFT_STANDARD_LIBRARIES = YES;
				CODE_SIGN_STYLE = Automatic;
				DEVELOPMENT_TEAM = YDMUJTK4YR;
				INFOPLIST_FILE = imageconnectionUITests/Info.plist;
				LD_RUNPATH_SEARCH_PATHS = (
					"$(inherited)",
					"@executable_path/Frameworks",
					"@loader_path/Frameworks",
				);
				PRODUCT_BUNDLE_IDENTIFIER = kaistcps.imageconnectionUITests;
				PRODUCT_NAME = "$(TARGET_NAME)";
				SWIFT_VERSION = 5.0;
				TARGETED_DEVICE_FAMILY = "1,2";
				TEST_TARGET_NAME = imageconnection;
			};
			name = Release;
		};
/* End XCBuildConfiguration section */

/* Begin XCConfigurationList section */
		BF6EF38B23D6CE5700B3305F /* Build configuration list for PBXProject "imageconnection" */ = {
			isa = XCConfigurationList;
			buildConfigurations = (
				BF6EF3B823D6CE5A00B3305F /* Debug */,
				BF6EF3B923D6CE5A00B3305F /* Release */,
			);
			defaultConfigurationIsVisible = 0;
			defaultConfigurationName = Release;
		};
		BF6EF3BA23D6CE5A00B3305F /* Build configuration list for PBXNativeTarget "imageconnection" */ = {
			isa = XCConfigurationList;
			buildConfigurations = (
				BF6EF3BB23D6CE5A00B3305F /* Debug */,
				BF6EF3BC23D6CE5A00B3305F /* Release */,
			);
			defaultConfigurationIsVisible = 0;
			defaultConfigurationName = Release;
		};
		BF6EF3BD23D6CE5A00B3305F /* Build configuration list for PBXNativeTarget "imageconnectionTests" */ = {
			isa = XCConfigurationList;
			buildConfigurations = (
				BF6EF3BE23D6CE5A00B3305F /* Debug */,
				BF6EF3BF23D6CE5A00B3305F /* Release */,
			);
			defaultConfigurationIsVisible = 0;
			defaultConfigurationName = Release;
		};
		BF6EF3C023D6CE5A00B3305F /* Build configuration list for PBXNativeTarget "imageconnectionUITests" */ = {
			isa = XCConfigurationList;
			buildConfigurations = (
				BF6EF3C123D6CE5A00B3305F /* Debug */,
				BF6EF3C223D6CE5A00B3305F /* Release */,
			);
			defaultConfigurationIsVisible = 0;
			defaultConfigurationName = Release;
		};
/* End XCConfigurationList section */
	};
	rootObject = BF6EF38823D6CE5700B3305F /* Project object */;
}
